
Microsoft Visual Studio Solution File, Format Version 12.00
# Visual Studio Version 17
VisualStudioVersion = 17.10.35027.167
MinimumVisualStudioVersion = 10.0.40219.1
Project("{FAE04EC0-301F-11D3-BF4B-00C04F79EFBC}") = "API_Gepiparri", "API_Gepiparri\API_Gepiparri.csproj", "{C9F4C178-0154-4B0F-8DCD-9A1EC47F72D3}"
EndProject
Project("{FAE04EC0-301F-11D3-BF4B-00C04F79EFBC}") = "BlazorApp_api_static", "BlazorApp_api_static\BlazorApp_api_static.csproj", "{02A69B18-577C-4B41-9000-A518DA1A18C1}"
EndProject
Global
	GlobalSection(SolutionConfigurationPlatforms) = preSolution
		Debug|Any CPU = Debug|Any CPU
		Release|Any CPU = Release|Any CPU
	EndGlobalSection
	GlobalSection(ProjectConfigurationPlatforms) = postSolution
		{C9F4C178-0154-4B0F-8DCD-9A1EC47F72D3}.Debug|Any CPU.ActiveCfg = Debug|Any CPU
		{C9F4C178-0154-4B0F-8DCD-9A1EC47F72D3}.Debug|Any CPU.Build.0 = Debug|Any CPU
		{C9F4C178-0154-4B0F-8DCD-9A1EC47F72D3}.Release|Any CPU.ActiveCfg = Release|Any CPU
		{C9F4C178-0154-4B0F-8DCD-9A1EC47F72D3}.Release|Any CPU.Build.0 = Release|Any CPU
		{02A69B18-577C-4B41-9000-A518DA1A18C1}.Debug|Any CPU.ActiveCfg = Debug|Any CPU
		{02A69B18-577C-4B41-9000-A518DA1A18C1}.Debug|Any CPU.Build.0 = Debug|Any CPU
		{02A69B18-577C-4B41-9000-A518DA1A18C1}.Release|Any CPU.ActiveCfg = Release|Any CPU
		{02A69B18-577C-4B41-9000-A518DA1A18C1}.Release|Any CPU.Build.0 = Release|Any CPU
	EndGlobalSection
	GlobalSection(SolutionProperties) = preSolution
		HideSolutionNode = FALSE
	EndGlobalSection
	GlobalSection(ExtensibilityGlobals) = postSolution
		SolutionGuid = {12DB80D1-5E4A-4183-8BC3-942E4DB584E0}
	EndGlobalSection
EndGlobal
